{
  "lockfileVersion": 1,
  "configVersion": 0,
  "workspaces": {
    "": {
      "name": "4sports",
      "devDependencies": {
        "@biomejs/biome": "^2.4.14",
        "prettier": "^3.7.4",
        "turbo": "^2.9.10",
        "typescript": "5.9.2",
      },
    },
    "apps/api": {
      "name": "@4sports/api",
      "version": "0.0.1",
    },
    "apps/mobile": {
      "name": "@4sports/mobile",
      "version": "0.0.1",
    },
    "apps/web": {
      "name": "@4sports/web",
      "version": "0.0.1",
    },
    "packages/config": {
      "name": "@4sports/config",
      "version": "0.0.1",
    },
    "packages/types": {
      "name": "@4sports/types",
      "version": "0.0.1",
    },
    "packages/ui": {
      "name": "@4sports/ui",
      "version": "0.0.1",
    },
    "packages/utils": {
      "name": "@4sports/utils",
      "version": "0.0.1",
    },
  },
  "packages": {
    "@4sports/api": ["@4sports/api@workspace:apps/api"],

    "@4sports/config": ["@4sports/config@workspace:packages/config"],

    "@4sports/mobile": ["@4sports/mobile@workspace:apps/mobile"],

    "@4sports/types": ["@4sports/types@workspace:packages/types"],

    "@4sports/ui": ["@4sports/ui@workspace:packages/ui"],

    "@4sports/utils": ["@4sports/utils@workspace:packages/utils"],

    "@4sports/web": ["@4sports/web@workspace:apps/web"],

    "@biomejs/biome": ["@biomejs/biome@2.4.14", "", { "optionalDependencies": { "@biomejs/cli-darwin-arm64": "2.4.14", "@biomejs/cli-darwin-x64": "2.4.14", "@biomejs/cli-linux-arm64": "2.4.14", "@biomejs/cli-linux-arm64-musl": "2.4.14", "@biomejs/cli-linux-x64": "2.4.14", "@biomejs/cli-linux-x64-musl": "2.4.14", "@biomejs/cli-win32-arm64": "2.4.14", "@biomejs/cli-win32-x64": "2.4.14" }, "bin": { "biome": "bin/biome" } }, "sha512-TmAvxOEgrpLypzVGJ8FulIZnlyA9TxrO1hyqYrCz9r+bwma9xXxuLA5IuYnj55XQneFx460KjRbx6SWGLkg3bQ=="],

    "@biomejs/cli-darwin-arm64": ["@biomejs/cli-darwin-arm64@2.4.14", "", { "os": "darwin", "cpu": "arm64" }, "sha512-XvgoE9XOawUOQPdmvs4J7wPhi/DLwSCGks3AlPJDmh34O0awRTqCED1HRcRDdpf1Zrp4us4MGOOdIxNpbqNF5Q=="],

    "@biomejs/cli-darwin-x64": ["@biomejs/cli-darwin-x64@2.4.14", "", { "os": "darwin", "cpu": "x64" }, "sha512-jE7hKBCFhOx3uUh+ZkWBfOHxAcILPfhFplNkuID/eZeSTLHzfZzoZxW8fbqY9xXRnPi7jGNAf1iPVR+0yWsM/Q=="],

    "@biomejs/cli-linux-arm64": ["@biomejs/cli-linux-arm64@2.4.14", "", { "os": "linux", "cpu": "arm64" }, "sha512-2TELhZnW5RSLL063l9rc5xLpA0ZIw0Ccwy/0q384rvNAgFw3yI76bd59547yxowdQr5MNPET/xDLrLuvgSeeWQ=="],

    "@biomejs/cli-linux-arm64-musl": ["@biomejs/cli-linux-arm64-musl@2.4.14", "", { "os": "linux", "cpu": "arm64" }, "sha512-/z+6gqAqqUQTHazwStxSXKHg9b8UvqBmDFRp+c4wYbq2KXhELQDon9EoC9RpmQ8JWkqQx/lIUy/cs+MhzDZp6A=="],

    "@biomejs/cli-linux-x64": ["@biomejs/cli-linux-x64@2.4.14", "", { "os": "linux", "cpu": "x64" }, "sha512-zHrlQZDBDUz4OLAraYpWKcnLS6HOewBFWYOzY91d1ZjdqZwibOyb6BEu6WuWLugyo0P3riCmsbV9UqV1cSXwQg=="],

    "@biomejs/cli-linux-x64-musl": ["@biomejs/cli-linux-x64-musl@2.4.14", "", { "os": "linux", "cpu": "x64" }, "sha512-R6BWgJdQOwW9ulJatuTVrQkjnODjqHZkKNOqb1sz++3Noe5LYd0i3PchnOBUCYAPHoPWHhjJqbdZlHEu0hpjdA=="],

    "@biomejs/cli-win32-arm64": ["@biomejs/cli-win32-arm64@2.4.14", "", { "os": "win32", "cpu": "arm64" }, "sha512-M3EH5hqOI/F/FUA2u4xcLoUgmxd218mvuj/6JL7Hv2toQvr2/AdOvKSpGkoRuWFCtQPVa+ZqkEV3Q5xBA9+XSA=="],

    "@biomejs/cli-win32-x64": ["@biomejs/cli-win32-x64@2.4.14", "", { "os": "win32", "cpu": "x64" }, "sha512-WL0EG5qE+EAKomGXbf2g6VnSKJhTL3tXC0QRzWRwA5VpjxNYa6H4P7ZWfymbGE4IhZZQi1KXQ2R0YjwInmz2fA=="],

    "@turbo/darwin-64": ["@turbo/darwin-64@2.9.10", "", { "os": "darwin", "cpu": "x64" }, "sha512-5BVJnes8/zMPydF8ktfBBWqCCpUeWVxwZ6avYHRqLzk2PuTAsLz0TlaKdDe1nk1cz3/o0c+7CEf6zqNXdB2N7Q=="],

    "@turbo/darwin-arm64": ["@turbo/darwin-arm64@2.9.10", "", { "os": "darwin", "cpu": "arm64" }, "sha512-MwaJl+vsxlkkDJYWN87GWKYD64kOvZFFlrDtGmCDeEx/488Kola5TVgS0VQkEUwnbDPjaDIB7kBMIzdzJRElbg=="],

    "@turbo/linux-64": ["@turbo/linux-64@2.9.10", "", { "os": "linux", "cpu": "x64" }, "sha512-HWrCKR+kUicEf4awj1EVRh5LI2hiDncpWZSXqhVj+wQT3SolBSXqXiSPYHgdh6hkmyfvz75Ex/+axXGcgQGdeA=="],

    "@turbo/linux-arm64": ["@turbo/linux-arm64@2.9.10", "", { "os": "linux", "cpu": "arm64" }, "sha512-edJINoZcDn4g1zkOZHFrGtLX0EWTryoNJSlZK5SEVux4hITT6hTCzugVGtOUmdI+PuJ/xRRL3jKGa+JgjSoq5A=="],

    "@turbo/windows-64": ["@turbo/windows-64@2.9.10", "", { "os": "win32", "cpu": "x64" }, "sha512-rkASn89ATUtSyKvhGaWSyqVHBwtqFEUV1rFNKCtthSoix0T/kUHLJDKpepE/Wh6CtSnhxAfsY8cODtevD/hR7A=="],

    "@turbo/windows-arm64": ["@turbo/windows-arm64@2.9.10", "", { "os": "win32", "cpu": "arm64" }, "sha512-cblXqub7uABXKNMzvPB1IyOuSQpeMo7zZHSREB2C0mtIVn4lUSd2CfaGBtOrDqmkC9dsan3itxY4IejChQvfpg=="],

    "prettier": ["prettier@3.8.3", "", { "bin": { "prettier": "bin/prettier.cjs" } }, "sha512-7igPTM53cGHMW8xWuVTydi2KO233VFiTNyF5hLJqpilHfmn8C8gPf+PS7dUT64YcXFbiMGZxS9pCSxL/Dxm/Jw=="],

    "turbo": ["turbo@2.9.10", "", { "optionalDependencies": { "@turbo/darwin-64": "2.9.10", "@turbo/darwin-arm64": "2.9.10", "@turbo/linux-64": "2.9.10", "@turbo/linux-arm64": "2.9.10", "@turbo/windows-64": "2.9.10", "@turbo/windows-arm64": "2.9.10" }, "bin": { "turbo": "bin/turbo" } }, "sha512-YBLeNT0wLoysGgQEkvBWE2GA1liGGZ1j13wa7xHTwELJx4ZhM+c2szeXj6wUOUGO86BmyhY0Q/ELWwU3WDXzZA=="],

    "typescript": ["typescript@5.9.2", "", { "bin": { "tsc": "bin/tsc", "tsserver": "bin/tsserver" } }, "sha512-CWBzXQrc/qOkhidw1OzBTQuYRbfyxDXJMVJ1XNwUHGROVmuaeiEm3OslpZ1RV96d7SKKjZKrSJu3+t/xlw3R9A=="],
  }
}
